
Microsoft Visual Studio Solution File, Format Version 12.00
# Visual Studio Version 17
VisualStudioVersion = 17.9.34728.123
MinimumVisualStudioVersion = 10.0.40219.1
Project("{FAE04EC0-301F-11D3-BF4B-00C04F79EFBC}") = "Taxation.API", "Taxation.API\Taxation.API.csproj", "{0484DB6D-47A3-417C-8E92-9897357FA2D6}"
EndProject
Project("{FAE04EC0-301F-11D3-BF4B-00C04F79EFBC}") = "Taxation.DAL", "Taxation.DAL\Taxation.DAL.csproj", "{1A4B6D04-F791-4EB4-AF43-83E4E59A3905}"
EndProject
Global
	GlobalSection(SolutionConfigurationPlatforms) = preSolution
		Debug|Any CPU = Debug|Any CPU
		Release|Any CPU = Release|Any CPU
	EndGlobalSection
	GlobalSection(ProjectConfigurationPlatforms) = postSolution
		{0484DB6D-47A3-417C-8E92-9897357FA2D6}.Debug|Any CPU.ActiveCfg = Debug|Any CPU
		{0484DB6D-47A3-417C-8E92-9897357FA2D6}.Debug|Any CPU.Build.0 = Debug|Any CPU
		{0484DB6D-47A3-417C-8E92-9897357FA2D6}.Release|Any CPU.ActiveCfg = Release|Any CPU
		{0484DB6D-47A3-417C-8E92-9897357FA2D6}.Release|Any CPU.Build.0 = Release|Any CPU
		{1A4B6D04-F791-4EB4-AF43-83E4E59A3905}.Debug|Any CPU.ActiveCfg = Debug|Any CPU
		{1A4B6D04-F791-4EB4-AF43-83E4E59A3905}.Debug|Any CPU.Build.0 = Debug|Any CPU
		{1A4B6D04-F791-4EB4-AF43-83E4E59A3905}.Release|Any CPU.ActiveCfg = Release|Any CPU
		{1A4B6D04-F791-4EB4-AF43-83E4E59A3905}.Release|Any CPU.Build.0 = Release|Any CPU
	EndGlobalSection
	GlobalSection(SolutionProperties) = preSolution
		HideSolutionNode = FALSE
	EndGlobalSection
	GlobalSection(ExtensibilityGlobals) = postSolution
		SolutionGuid = {9D5AC01F-5594-4418-A048-26CE450D082B}
	EndGlobalSection
EndGlobal
